
Microsoft Visual Studio Solution File, Format Version 12.00
# Visual Studio 2013
VisualStudioVersion = 12.0.30723.0
MinimumVisualStudioVersion = 10.0.40219.1
Project("{FAE04EC0-301F-11D3-BF4B-00C04F79EFBC}") = "Xamarin.Behaviors.Demo.iOS", "Xamarin.Behaviors.Demo\Xamarin.Behaviors.Demo.iOS\Xamarin.Behaviors.Demo.iOS.csproj", "{818E7BAE-FF90-41EF-B242-0BD00A033E26}"
EndProject
Project("{FAE04EC0-301F-11D3-BF4B-00C04F79EFBC}") = "Xamarin.Behaviors.Demo.Android", "Xamarin.Behaviors.Demo\Xamarin.Behaviors.Demo.Android\Xamarin.Behaviors.Demo.Android.csproj", "{61873347-E8B7-4177-8D40-FD67414976E3}"
EndProject
Project("{FAE04EC0-301F-11D3-BF4B-00C04F79EFBC}") = "Xamarin.Behaviors.Demo.WinPhone", "Xamarin.Behaviors.Demo\Xamarin.Behaviors.Demo.WinPhone\Xamarin.Behaviors.Demo.WinPhone.csproj", "{DB26E53E-284C-4944-BD8A-7CFC42527C3E}"
EndProject
Project("{FAE04EC0-301F-11D3-BF4B-00C04F79EFBC}") = "Xamarin.Behaviors.Demo", "Xamarin.Behaviors.Demo\Xamarin.Behaviors.Demo\Xamarin.Behaviors.Demo.csproj", "{AB7040AD-4197-4F41-ABCA-54990A337744}"
EndProject
Project("{FAE04EC0-301F-11D3-BF4B-00C04F79EFBC}") = "Xamarin.Behaviors", "Xamarin.Behaviors\Xamarin.Behaviors.csproj", "{C10D28A1-FA73-4823-B829-C1353D213EFC}"
EndProject
Project("{2150E333-8FDC-42A3-9474-1A3956D46DE8}") = ".nuget", ".nuget", "{FFDF65CA-2333-4EB4-ADC4-FAA409A5F4DD}"
	ProjectSection(SolutionItems) = preProject
		.nuget\NuGet.Config = .nuget\NuGet.Config
		.nuget\NuGet.exe = .nuget\NuGet.exe
		.nuget\NuGet.targets = .nuget\NuGet.targets
	EndProjectSection
EndProject
Global
	GlobalSection(SolutionConfigurationPlatforms) = preSolution
		Ad-Hoc|Any CPU = Ad-Hoc|Any CPU
		Ad-Hoc|ARM = Ad-Hoc|ARM
		Ad-Hoc|iPhone = Ad-Hoc|iPhone
		Ad-Hoc|iPhoneSimulator = Ad-Hoc|iPhoneSimulator
		Ad-Hoc|Mixed Platforms = Ad-Hoc|Mixed Platforms
		Ad-Hoc|x86 = Ad-Hoc|x86
		AppStore|Any CPU = AppStore|Any CPU
		AppStore|ARM = AppStore|ARM
		AppStore|iPhone = AppStore|iPhone
		AppStore|iPhoneSimulator = AppStore|iPhoneSimulator
		AppStore|Mixed Platforms = AppStore|Mixed Platforms
		AppStore|x86 = AppStore|x86
		Debug|Any CPU = Debug|Any CPU
		Debug|ARM = Debug|ARM
		Debug|iPhone = Debug|iPhone
		Debug|iPhoneSimulator = Debug|iPhoneSimulator
		Debug|Mixed Platforms = Debug|Mixed Platforms
		Debug|x86 = Debug|x86
		Release|Any CPU = Release|Any CPU
		Release|ARM = Release|ARM
		Release|iPhone = Release|iPhone
		Release|iPhoneSimulator = Release|iPhoneSimulator
		Release|Mixed Platforms = Release|Mixed Platforms
		Release|x86 = Release|x86
	EndGlobalSection
	GlobalSection(ProjectConfigurationPlatforms) = postSolution
		{818E7BAE-FF90-41EF-B242-0BD00A033E26}.Ad-Hoc|Any CPU.ActiveCfg = Ad-Hoc|iPhone
		{818E7BAE-FF90-41EF-B242-0BD00A033E26}.Ad-Hoc|ARM.ActiveCfg = Ad-Hoc|iPhone
		{818E7BAE-FF90-41EF-B242-0BD00A033E26}.Ad-Hoc|iPhone.ActiveCfg = Ad-Hoc|iPhone
		{818E7BAE-FF90-41EF-B242-0BD00A033E26}.Ad-Hoc|iPhone.Build.0 = Ad-Hoc|iPhone
		{818E7BAE-FF90-41EF-B242-0BD00A033E26}.Ad-Hoc|iPhone.Deploy.0 = Ad-Hoc|iPhone
		{818E7BAE-FF90-41EF-B242-0BD00A033E26}.Ad-Hoc|iPhoneSimulator.ActiveCfg = Ad-Hoc|iPhoneSimulator
		{818E7BAE-FF90-41EF-B242-0BD00A033E26}.Ad-Hoc|iPhoneSimulator.Build.0 = Ad-Hoc|iPhoneSimulator
		{818E7BAE-FF90-41EF-B242-0BD00A033E26}.Ad-Hoc|iPhoneSimulator.Deploy.0 = Ad-Hoc|iPhoneSimulator
		{818E7BAE-FF90-41EF-B242-0BD00A033E26}.Ad-Hoc|Mixed Platforms.ActiveCfg = Ad-Hoc|iPhone
		{818E7BAE-FF90-41EF-B242-0BD00A033E26}.Ad-Hoc|Mixed Platforms.Build.0 = Ad-Hoc|iPhone
		{818E7BAE-FF90-41EF-B242-0BD00A033E26}.Ad-Hoc|Mixed Platforms.Deploy.0 = Ad-Hoc|iPhone
		{818E7BAE-FF90-41EF-B242-0BD00A033E26}.Ad-Hoc|x86.ActiveCfg = Ad-Hoc|iPhone
		{818E7BAE-FF90-41EF-B242-0BD00A033E26}.AppStore|Any CPU.ActiveCfg = AppStore|iPhone
		{818E7BAE-FF90-41EF-B242-0BD00A033E26}.AppStore|ARM.ActiveCfg = AppStore|iPhone
		{818E7BAE-FF90-41EF-B242-0BD00A033E26}.AppStore|iPhone.ActiveCfg = AppStore|iPhone
		{818E7BAE-FF90-41EF-B242-0BD00A033E26}.AppStore|iPhone.Build.0 = AppStore|iPhone
		{818E7BAE-FF90-41EF-B242-0BD00A033E26}.AppStore|iPhone.Deploy.0 = AppStore|iPhone
		{818E7BAE-FF90-41EF-B242-0BD00A033E26}.AppStore|iPhoneSimulator.ActiveCfg = AppStore|iPhoneSimulator
		{818E7BAE-FF90-41EF-B242-0BD00A033E26}.AppStore|iPhoneSimulator.Build.0 = AppStore|iPhoneSimulator
		{818E7BAE-FF90-41EF-B242-0BD00A033E26}.AppStore|iPhoneSimulator.Deploy.0 = AppStore|iPhoneSimulator
		{818E7BAE-FF90-41EF-B242-0BD00A033E26}.AppStore|Mixed Platforms.ActiveCfg = AppStore|iPhone
		{818E7BAE-FF90-41EF-B242-0BD00A033E26}.AppStore|Mixed Platforms.Build.0 = AppStore|iPhone
		{818E7BAE-FF90-41EF-B242-0BD00A033E26}.AppStore|Mixed Platforms.Deploy.0 = AppStore|iPhone
		{818E7BAE-FF90-41EF-B242-0BD00A033E26}.AppStore|x86.ActiveCfg = AppStore|iPhone
		{818E7BAE-FF90-41EF-B242-0BD00A033E26}.Debug|Any CPU.ActiveCfg = Debug|iPhone
		{818E7BAE-FF90-41EF-B242-0BD00A033E26}.Debug|ARM.ActiveCfg = Debug|iPhone
		{818E7BAE-FF90-41EF-B242-0BD00A033E26}.Debug|iPhone.ActiveCfg = Debug|iPhone
		{818E7BAE-FF90-41EF-B242-0BD00A033E26}.Debug|iPhone.Build.0 = Debug|iPhone
		{818E7BAE-FF90-41EF-B242-0BD00A033E26}.Debug|iPhone.Deploy.0 = Debug|iPhone
		{818E7BAE-FF90-41EF-B242-0BD00A033E26}.Debug|iPhoneSimulator.ActiveCfg = Debug|iPhoneSimulator
		{818E7BAE-FF90-41EF-B242-0BD00A033E26}.Debug|iPhoneSimulator.Build.0 = Debug|iPhoneSimulator
		{818E7BAE-FF90-41EF-B242-0BD00A033E26}.Debug|iPhoneSimulator.Deploy.0 = Debug|iPhoneSimulator
		{818E7BAE-FF90-41EF-B242-0BD00A033E26}.Debug|Mixed Platforms.ActiveCfg = Debug|iPhone
		{818E7BAE-FF90-41EF-B242-0BD00A033E26}.Debug|Mixed Platforms.Build.0 = Debug|iPhone
		{818E7BAE-FF90-41EF-B242-0BD00A033E26}.Debug|Mixed Platforms.Deploy.0 = Debug|iPhone
		{818E7BAE-FF90-41EF-B242-0BD00A033E26}.Debug|x86.ActiveCfg = Debug|iPhone
		{818E7BAE-FF90-41EF-B242-0BD00A033E26}.Release|Any CPU.ActiveCfg = Release|iPhone
		{818E7BAE-FF90-41EF-B242-0BD00A033E26}.Release|ARM.ActiveCfg = Release|iPhone
		{818E7BAE-FF90-41EF-B242-0BD00A033E26}.Release|iPhone.ActiveCfg = Release|iPhone
		{818E7BAE-FF90-41EF-B242-0BD00A033E26}.Release|iPhone.Build.0 = Release|iPhone
		{818E7BAE-FF90-41EF-B242-0BD00A033E26}.Release|iPhone.Deploy.0 = Release|iPhone
		{818E7BAE-FF90-41EF-B242-0BD00A033E26}.Release|iPhoneSimulator.ActiveCfg = Release|iPhoneSimulator
		{818E7BAE-FF90-41EF-B242-0BD00A033E26}.Release|iPhoneSimulator.Build.0 = Release|iPhoneSimulator
		{818E7BAE-FF90-41EF-B242-0BD00A033E26}.Release|iPhoneSimulator.Deploy.0 = Release|iPhoneSimulator
		{818E7BAE-FF90-41EF-B242-0BD00A033E26}.Release|Mixed Platforms.ActiveCfg = Release|iPhone
		{818E7BAE-FF90-41EF-B242-0BD00A033E26}.Release|Mixed Platforms.Build.0 = Release|iPhone
		{818E7BAE-FF90-41EF-B242-0BD00A033E26}.Release|Mixed Platforms.Deploy.0 = Release|iPhone
		{818E7BAE-FF90-41EF-B242-0BD00A033E26}.Release|x86.ActiveCfg = Release|iPhone
		{61873347-E8B7-4177-8D40-FD67414976E3}.Ad-Hoc|Any CPU.ActiveCfg = Release|Any CPU
		{61873347-E8B7-4177-8D40-FD67414976E3}.Ad-Hoc|Any CPU.Build.0 = Release|Any CPU
		{61873347-E8B7-4177-8D40-FD67414976E3}.Ad-Hoc|Any CPU.Deploy.0 = Release|Any CPU
		{61873347-E8B7-4177-8D40-FD67414976E3}.Ad-Hoc|ARM.ActiveCfg = Release|Any CPU
		{61873347-E8B7-4177-8D40-FD67414976E3}.Ad-Hoc|iPhone.ActiveCfg = Release|Any CPU
		{61873347-E8B7-4177-8D40-FD67414976E3}.Ad-Hoc|iPhoneSimulator.ActiveCfg = Release|Any CPU
		{61873347-E8B7-4177-8D40-FD67414976E3}.Ad-Hoc|Mixed Platforms.ActiveCfg = Release|Any CPU
		{61873347-E8B7-4177-8D40-FD67414976E3}.Ad-Hoc|Mixed Platforms.Build.0 = Release|Any CPU
		{61873347-E8B7-4177-8D40-FD67414976E3}.Ad-Hoc|Mixed Platforms.Deploy.0 = Release|Any CPU
		{61873347-E8B7-4177-8D40-FD67414976E3}.Ad-Hoc|x86.ActiveCfg = Release|Any CPU
		{61873347-E8B7-4177-8D40-FD67414976E3}.AppStore|Any CPU.ActiveCfg = Release|Any CPU
		{61873347-E8B7-4177-8D40-FD67414976E3}.AppStore|Any CPU.Build.0 = Release|Any CPU
		{61873347-E8B7-4177-8D40-FD67414976E3}.AppStore|Any CPU.Deploy.0 = Release|Any CPU
		{61873347-E8B7-4177-8D40-FD67414976E3}.AppStore|ARM.ActiveCfg = Release|Any CPU
		{61873347-E8B7-4177-8D40-FD67414976E3}.AppStore|iPhone.ActiveCfg = Release|Any CPU
		{61873347-E8B7-4177-8D40-FD67414976E3}.AppStore|iPhoneSimulator.ActiveCfg = Release|Any CPU
		{61873347-E8B7-4177-8D40-FD67414976E3}.AppStore|Mixed Platforms.ActiveCfg = Release|Any CPU
		{61873347-E8B7-4177-8D40-FD67414976E3}.AppStore|Mixed Platforms.Build.0 = Release|Any CPU
		{61873347-E8B7-4177-8D40-FD67414976E3}.AppStore|Mixed Platforms.Deploy.0 = Release|Any CPU
		{61873347-E8B7-4177-8D40-FD67414976E3}.AppStore|x86.ActiveCfg = Release|Any CPU
		{61873347-E8B7-4177-8D40-FD67414976E3}.Debug|Any CPU.ActiveCfg = Debug|Any CPU
		{61873347-E8B7-4177-8D40-FD67414976E3}.Debug|Any CPU.Build.0 = Debug|Any CPU
		{61873347-E8B7-4177-8D40-FD67414976E3}.Debug|Any CPU.Deploy.0 = Debug|Any CPU
		{61873347-E8B7-4177-8D40-FD67414976E3}.Debug|ARM.ActiveCfg = Debug|Any CPU
		{61873347-E8B7-4177-8D40-FD67414976E3}.Debug|iPhone.ActiveCfg = Debug|Any CPU
		{61873347-E8B7-4177-8D40-FD67414976E3}.Debug|iPhoneSimulator.ActiveCfg = Debug|Any CPU
		{61873347-E8B7-4177-8D40-FD67414976E3}.Debug|Mixed Platforms.ActiveCfg = Debug|Any CPU
		{61873347-E8B7-4177-8D40-FD67414976E3}.Debug|Mixed Platforms.Build.0 = Debug|Any CPU
		{61873347-E8B7-4177-8D40-FD67414976E3}.Debug|Mixed Platforms.Deploy.0 = Debug|Any CPU
		{61873347-E8B7-4177-8D40-FD67414976E3}.Debug|x86.ActiveCfg = Debug|Any CPU
		{61873347-E8B7-4177-8D40-FD67414976E3}.Release|Any CPU.ActiveCfg = Release|Any CPU
		{61873347-E8B7-4177-8D40-FD67414976E3}.Release|Any CPU.Build.0 = Release|Any CPU
		{61873347-E8B7-4177-8D40-FD67414976E3}.Release|Any CPU.Deploy.0 = Release|Any CPU
		{61873347-E8B7-4177-8D40-FD67414976E3}.Release|ARM.ActiveCfg = Release|Any CPU
		{61873347-E8B7-4177-8D40-FD67414976E3}.Release|iPhone.ActiveCfg = Release|Any CPU
		{61873347-E8B7-4177-8D40-FD67414976E3}.Release|iPhoneSimulator.ActiveCfg = Release|Any CPU
		{61873347-E8B7-4177-8D40-FD67414976E3}.Release|Mixed Platforms.ActiveCfg = Release|Any CPU
		{61873347-E8B7-4177-8D40-FD67414976E3}.Release|Mixed Platforms.Build.0 = Release|Any CPU
		{61873347-E8B7-4177-8D40-FD67414976E3}.Release|Mixed Platforms.Deploy.0 = Release|Any CPU
		{61873347-E8B7-4177-8D40-FD67414976E3}.Release|x86.ActiveCfg = Release|Any CPU
		{DB26E53E-284C-4944-BD8A-7CFC42527C3E}.Ad-Hoc|Any CPU.ActiveCfg = Release|Any CPU
		{DB26E53E-284C-4944-BD8A-7CFC42527C3E}.Ad-Hoc|Any CPU.Build.0 = Release|Any CPU
		{DB26E53E-284C-4944-BD8A-7CFC42527C3E}.Ad-Hoc|Any CPU.Deploy.0 = Release|Any CPU
		{DB26E53E-284C-4944-BD8A-7CFC42527C3E}.Ad-Hoc|ARM.ActiveCfg = Release|ARM
		{DB26E53E-284C-4944-BD8A-7CFC42527C3E}.Ad-Hoc|ARM.Build.0 = Release|ARM
		{DB26E53E-284C-4944-BD8A-7CFC42527C3E}.Ad-Hoc|ARM.Deploy.0 = Release|ARM
		{DB26E53E-284C-4944-BD8A-7CFC42527C3E}.Ad-Hoc|iPhone.ActiveCfg = Release|Any CPU
		{DB26E53E-284C-4944-BD8A-7CFC42527C3E}.Ad-Hoc|iPhoneSimulator.ActiveCfg = Release|Any CPU
		{DB26E53E-284C-4944-BD8A-7CFC42527C3E}.Ad-Hoc|Mixed Platforms.ActiveCfg = Release|x86
		{DB26E53E-284C-4944-BD8A-7CFC42527C3E}.Ad-Hoc|Mixed Platforms.Build.0 = Release|x86
		{DB26E53E-284C-4944-BD8A-7CFC42527C3E}.Ad-Hoc|Mixed Platforms.Deploy.0 = Release|x86
		{DB26E53E-284C-4944-BD8A-7CFC42527C3E}.Ad-Hoc|x86.ActiveCfg = Release|x86
		{DB26E53E-284C-4944-BD8A-7CFC42527C3E}.Ad-Hoc|x86.Build.0 = Release|x86
		{DB26E53E-284C-4944-BD8A-7CFC42527C3E}.Ad-Hoc|x86.Deploy.0 = Release|x86
		{DB26E53E-284C-4944-BD8A-7CFC42527C3E}.AppStore|Any CPU.ActiveCfg = Release|Any CPU
		{DB26E53E-284C-4944-BD8A-7CFC42527C3E}.AppStore|Any CPU.Build.0 = Release|Any CPU
		{DB26E53E-284C-4944-BD8A-7CFC42527C3E}.AppStore|Any CPU.Deploy.0 = Release|Any CPU
		{DB26E53E-284C-4944-BD8A-7CFC42527C3E}.AppStore|ARM.ActiveCfg = Release|ARM
		{DB26E53E-284C-4944-BD8A-7CFC42527C3E}.AppStore|ARM.Build.0 = Release|ARM
		{DB26E53E-284C-4944-BD8A-7CFC42527C3E}.AppStore|ARM.Deploy.0 = Release|ARM
		{DB26E53E-284C-4944-BD8A-7CFC42527C3E}.AppStore|iPhone.ActiveCfg = Release|Any CPU
		{DB26E53E-284C-4944-BD8A-7CFC42527C3E}.AppStore|iPhoneSimulator.ActiveCfg = Release|Any CPU
		{DB26E53E-284C-4944-BD8A-7CFC42527C3E}.AppStore|Mixed Platforms.ActiveCfg = Release|x86
		{DB26E53E-284C-4944-BD8A-7CFC42527C3E}.AppStore|Mixed Platforms.Build.0 = Release|x86
		{DB26E53E-284C-4944-BD8A-7CFC42527C3E}.AppStore|Mixed Platforms.Deploy.0 = Release|x86
		{DB26E53E-284C-4944-BD8A-7CFC42527C3E}.AppStore|x86.ActiveCfg = Release|x86
		{DB26E53E-284C-4944-BD8A-7CFC42527C3E}.AppStore|x86.Build.0 = Release|x86
		{DB26E53E-284C-4944-BD8A-7CFC42527C3E}.AppStore|x86.Deploy.0 = Release|x86
		{DB26E53E-284C-4944-BD8A-7CFC42527C3E}.Debug|Any CPU.ActiveCfg = Debug|Any CPU
		{DB26E53E-284C-4944-BD8A-7CFC42527C3E}.Debug|Any CPU.Build.0 = Debug|Any CPU
		{DB26E53E-284C-4944-BD8A-7CFC42527C3E}.Debug|Any CPU.Deploy.0 = Debug|Any CPU
		{DB26E53E-284C-4944-BD8A-7CFC42527C3E}.Debug|ARM.ActiveCfg = Debug|ARM
		{DB26E53E-284C-4944-BD8A-7CFC42527C3E}.Debug|ARM.Build.0 = Debug|ARM
		{DB26E53E-284C-4944-BD8A-7CFC42527C3E}.Debug|ARM.Deploy.0 = Debug|ARM
		{DB26E53E-284C-4944-BD8A-7CFC42527C3E}.Debug|iPhone.ActiveCfg = Debug|Any CPU
		{DB26E53E-284C-4944-BD8A-7CFC42527C3E}.Debug|iPhoneSimulator.ActiveCfg = Debug|Any CPU
		{DB26E53E-284C-4944-BD8A-7CFC42527C3E}.Debug|Mixed Platforms.ActiveCfg = Debug|x86
		{DB26E53E-284C-4944-BD8A-7CFC42527C3E}.Debug|Mixed Platforms.Build.0 = Debug|x86
		{DB26E53E-284C-4944-BD8A-7CFC42527C3E}.Debug|Mixed Platforms.Deploy.0 = Debug|x86
		{DB26E53E-284C-4944-BD8A-7CFC42527C3E}.Debug|x86.ActiveCfg = Debug|x86
		{DB26E53E-284C-4944-BD8A-7CFC42527C3E}.Debug|x86.Build.0 = Debug|x86
		{DB26E53E-284C-4944-BD8A-7CFC42527C3E}.Debug|x86.Deploy.0 = Debug|x86
		{DB26E53E-284C-4944-BD8A-7CFC42527C3E}.Release|Any CPU.ActiveCfg = Release|Any CPU
		{DB26E53E-284C-4944-BD8A-7CFC42527C3E}.Release|Any CPU.Build.0 = Release|Any CPU
		{DB26E53E-284C-4944-BD8A-7CFC42527C3E}.Release|Any CPU.Deploy.0 = Release|Any CPU
		{DB26E53E-284C-4944-BD8A-7CFC42527C3E}.Release|ARM.ActiveCfg = Release|ARM
		{DB26E53E-284C-4944-BD8A-7CFC42527C3E}.Release|ARM.Build.0 = Release|ARM
		{DB26E53E-284C-4944-BD8A-7CFC42527C3E}.Release|ARM.Deploy.0 = Release|ARM
		{DB26E53E-284C-4944-BD8A-7CFC42527C3E}.Release|iPhone.ActiveCfg = Release|Any CPU
		{DB26E53E-284C-4944-BD8A-7CFC42527C3E}.Release|iPhoneSimulator.ActiveCfg = Release|Any CPU
		{DB26E53E-284C-4944-BD8A-7CFC42527C3E}.Release|Mixed Platforms.ActiveCfg = Release|x86
		{DB26E53E-284C-4944-BD8A-7CFC42527C3E}.Release|Mixed Platforms.Build.0 = Release|x86
		{DB26E53E-284C-4944-BD8A-7CFC42527C3E}.Release|Mixed Platforms.Deploy.0 = Release|x86
		{DB26E53E-284C-4944-BD8A-7CFC42527C3E}.Release|x86.ActiveCfg = Release|x86
		{DB26E53E-284C-4944-BD8A-7CFC42527C3E}.Release|x86.Build.0 = Release|x86
		{DB26E53E-284C-4944-BD8A-7CFC42527C3E}.Release|x86.Deploy.0 = Release|x86
		{AB7040AD-4197-4F41-ABCA-54990A337744}.Ad-Hoc|Any CPU.ActiveCfg = Release|Any CPU
		{AB7040AD-4197-4F41-ABCA-54990A337744}.Ad-Hoc|Any CPU.Build.0 = Release|Any CPU
		{AB7040AD-4197-4F41-ABCA-54990A337744}.Ad-Hoc|ARM.ActiveCfg = Release|Any CPU
		{AB7040AD-4197-4F41-ABCA-54990A337744}.Ad-Hoc|iPhone.ActiveCfg = Release|Any CPU
		{AB7040AD-4197-4F41-ABCA-54990A337744}.Ad-Hoc|iPhoneSimulator.ActiveCfg = Release|Any CPU
		{AB7040AD-4197-4F41-ABCA-54990A337744}.Ad-Hoc|Mixed Platforms.ActiveCfg = Release|Any CPU
		{AB7040AD-4197-4F41-ABCA-54990A337744}.Ad-Hoc|Mixed Platforms.Build.0 = Release|Any CPU
		{AB7040AD-4197-4F41-ABCA-54990A337744}.Ad-Hoc|x86.ActiveCfg = Release|Any CPU
		{AB7040AD-4197-4F41-ABCA-54990A337744}.AppStore|Any CPU.ActiveCfg = Release|Any CPU
		{AB7040AD-4197-4F41-ABCA-54990A337744}.AppStore|Any CPU.Build.0 = Release|Any CPU
		{AB7040AD-4197-4F41-ABCA-54990A337744}.AppStore|ARM.ActiveCfg = Release|Any CPU
		{AB7040AD-4197-4F41-ABCA-54990A337744}.AppStore|iPhone.ActiveCfg = Release|Any CPU
		{AB7040AD-4197-4F41-ABCA-54990A337744}.AppStore|iPhoneSimulator.ActiveCfg = Release|Any CPU
		{AB7040AD-4197-4F41-ABCA-54990A337744}.AppStore|Mixed Platforms.ActiveCfg = Release|Any CPU
		{AB7040AD-4197-4F41-ABCA-54990A337744}.AppStore|Mixed Platforms.Build.0 = Release|Any CPU
		{AB7040AD-4197-4F41-ABCA-54990A337744}.AppStore|x86.ActiveCfg = Release|Any CPU
		{AB7040AD-4197-4F41-ABCA-54990A337744}.Debug|Any CPU.ActiveCfg = Debug|Any CPU
		{AB7040AD-4197-4F41-ABCA-54990A337744}.Debug|Any CPU.Build.0 = Debug|Any CPU
		{AB7040AD-4197-4F41-ABCA-54990A337744}.Debug|ARM.ActiveCfg = Debug|Any CPU
		{AB7040AD-4197-4F41-ABCA-54990A337744}.Debug|iPhone.ActiveCfg = Debug|Any CPU
		{AB7040AD-4197-4F41-ABCA-54990A337744}.Debug|iPhoneSimulator.ActiveCfg = Debug|Any CPU
		{AB7040AD-4197-4F41-ABCA-54990A337744}.Debug|iPhoneSimulator.Build.0 = Debug|Any CPU
		{AB7040AD-4197-4F41-ABCA-54990A337744}.Debug|Mixed Platforms.ActiveCfg = Debug|Any CPU
		{AB7040AD-4197-4F41-ABCA-54990A337744}.Debug|Mixed Platforms.Build.0 = Debug|Any CPU
		{AB7040AD-4197-4F41-ABCA-54990A337744}.Debug|x86.ActiveCfg = Debug|Any CPU
		{AB7040AD-4197-4F41-ABCA-54990A337744}.Release|Any CPU.ActiveCfg = Release|Any CPU
		{AB7040AD-4197-4F41-ABCA-54990A337744}.Release|Any CPU.Build.0 = Release|Any CPU
		{AB7040AD-4197-4F41-ABCA-54990A337744}.Release|ARM.ActiveCfg = Release|Any CPU
		{AB7040AD-4197-4F41-ABCA-54990A337744}.Release|iPhone.ActiveCfg = Release|Any CPU
		{AB7040AD-4197-4F41-ABCA-54990A337744}.Release|iPhoneSimulator.ActiveCfg = Release|Any CPU
		{AB7040AD-4197-4F41-ABCA-54990A337744}.Release|Mixed Platforms.ActiveCfg = Release|Any CPU
		{AB7040AD-4197-4F41-ABCA-54990A337744}.Release|Mixed Platforms.Build.0 = Release|Any CPU
		{AB7040AD-4197-4F41-ABCA-54990A337744}.Release|x86.ActiveCfg = Release|Any CPU
		{C10D28A1-FA73-4823-B829-C1353D213EFC}.Ad-Hoc|Any CPU.ActiveCfg = Release|Any CPU
		{C10D28A1-FA73-4823-B829-C1353D213EFC}.Ad-Hoc|Any CPU.Build.0 = Release|Any CPU
		{C10D28A1-FA73-4823-B829-C1353D213EFC}.Ad-Hoc|ARM.ActiveCfg = Release|Any CPU
		{C10D28A1-FA73-4823-B829-C1353D213EFC}.Ad-Hoc|iPhone.ActiveCfg = Release|Any CPU
		{C10D28A1-FA73-4823-B829-C1353D213EFC}.Ad-Hoc|iPhoneSimulator.ActiveCfg = Release|Any CPU
		{C10D28A1-FA73-4823-B829-C1353D213EFC}.Ad-Hoc|Mixed Platforms.ActiveCfg = Release|Any CPU
		{C10D28A1-FA73-4823-B829-C1353D213EFC}.Ad-Hoc|Mixed Platforms.Build.0 = Release|Any CPU
		{C10D28A1-FA73-4823-B829-C1353D213EFC}.Ad-Hoc|x86.ActiveCfg = Release|Any CPU
		{C10D28A1-FA73-4823-B829-C1353D213EFC}.AppStore|Any CPU.ActiveCfg = Release|Any CPU
		{C10D28A1-FA73-4823-B829-C1353D213EFC}.AppStore|Any CPU.Build.0 = Release|Any CPU
		{C10D28A1-FA73-4823-B829-C1353D213EFC}.AppStore|ARM.ActiveCfg = Release|Any CPU
		{C10D28A1-FA73-4823-B829-C1353D213EFC}.AppStore|iPhone.ActiveCfg = Release|Any CPU
		{C10D28A1-FA73-4823-B829-C1353D213EFC}.AppStore|iPhoneSimulator.ActiveCfg = Release|Any CPU
		{C10D28A1-FA73-4823-B829-C1353D213EFC}.AppStore|Mixed Platforms.ActiveCfg = Release|Any CPU
		{C10D28A1-FA73-4823-B829-C1353D213EFC}.AppStore|Mixed Platforms.Build.0 = Release|Any CPU
		{C10D28A1-FA73-4823-B829-C1353D213EFC}.AppStore|x86.ActiveCfg = Release|Any CPU
		{C10D28A1-FA73-4823-B829-C1353D213EFC}.Debug|Any CPU.ActiveCfg = Debug|Any CPU
		{C10D28A1-FA73-4823-B829-C1353D213EFC}.Debug|Any CPU.Build.0 = Debug|Any CPU
		{C10D28A1-FA73-4823-B829-C1353D213EFC}.Debug|ARM.ActiveCfg = Debug|Any CPU
		{C10D28A1-FA73-4823-B829-C1353D213EFC}.Debug|iPhone.ActiveCfg = Debug|Any CPU
		{C10D28A1-FA73-4823-B829-C1353D213EFC}.Debug|iPhoneSimulator.ActiveCfg = Debug|Any CPU
		{C10D28A1-FA73-4823-B829-C1353D213EFC}.Debug|iPhoneSimulator.Build.0 = Debug|Any CPU
		{C10D28A1-FA73-4823-B829-C1353D213EFC}.Debug|Mixed Platforms.ActiveCfg = Debug|Any CPU
		{C10D28A1-FA73-4823-B829-C1353D213EFC}.Debug|Mixed Platforms.Build.0 = Debug|Any CPU
		{C10D28A1-FA73-4823-B829-C1353D213EFC}.Debug|x86.ActiveCfg = Debug|Any CPU
		{C10D28A1-FA73-4823-B829-C1353D213EFC}.Release|Any CPU.ActiveCfg = Release|Any CPU
		{C10D28A1-FA73-4823-B829-C1353D213EFC}.Release|Any CPU.Build.0 = Release|Any CPU
		{C10D28A1-FA73-4823-B829-C1353D213EFC}.Release|ARM.ActiveCfg = Release|Any CPU
		{C10D28A1-FA73-4823-B829-C1353D213EFC}.Release|iPhone.ActiveCfg = Release|Any CPU
		{C10D28A1-FA73-4823-B829-C1353D213EFC}.Release|iPhoneSimulator.ActiveCfg = Release|Any CPU
		{C10D28A1-FA73-4823-B829-C1353D213EFC}.Release|Mixed Platforms.ActiveCfg = Release|Any CPU
		{C10D28A1-FA73-4823-B829-C1353D213EFC}.Release|Mixed Platforms.Build.0 = Release|Any CPU
		{C10D28A1-FA73-4823-B829-C1353D213EFC}.Release|x86.ActiveCfg = Release|Any CPU
	EndGlobalSection
	GlobalSection(SolutionProperties) = preSolution
		HideSolutionNode = FALSE
	EndGlobalSection
EndGlobal
